
Microsoft Visual Studio Solution File, Format Version 12.00
# Visual Studio 15
VisualStudioVersion = 15.0.28010.2036
MinimumVisualStudioVersion = 10.0.40219.1
Project("{FAE04EC0-301F-11D3-BF4B-00C04F79EFBC}") = "RelayAuthDESFire", "RelayAuthDESFire\RelayAuthDESFire.csproj", "{E6F45816-8177-4038-B4BC-12AB6C7088F1}"
EndProject
Global
	GlobalSection(SolutionConfigurationPlatforms) = preSolution
		Debug|Any CPU = Debug|Any CPU
		Release|Any CPU = Release|Any CPU
	EndGlobalSection
	GlobalSection(ProjectConfigurationPlatforms) = postSolution
		{E6F45816-8177-4038-B4BC-12AB6C7088F1}.Debug|Any CPU.ActiveCfg = Debug|Any CPU
		{E6F45816-8177-4038-B4BC-12AB6C7088F1}.Debug|Any CPU.Build.0 = Debug|Any CPU
		{E6F45816-8177-4038-B4BC-12AB6C7088F1}.Release|Any CPU.ActiveCfg = Release|Any CPU
		{E6F45816-8177-4038-B4BC-12AB6C7088F1}.Release|Any CPU.Build.0 = Release|Any CPU
	EndGlobalSection
	GlobalSection(SolutionProperties) = preSolution
		HideSolutionNode = FALSE
	EndGlobalSection
	GlobalSection(ExtensibilityGlobals) = postSolution
		SolutionGuid = {2A3B6E54-907E-48E1-BDBF-86F8B1FCADA5}
	EndGlobalSection
EndGlobal
